
Microsoft Visual Studio Solution File, Format Version 11.00
# Visual Studio 2010
Project("{8BC9CEB8-8B4A-11D0-8D11-00A0C91BC942}") = "FaceDetection", "FaceDetection\FaceDetection.vcxproj", "{BEB9A5FF-4A60-43E9-84DD-0A7B6A12D2C8}"
EndProject
Project("{8BC9CEB8-8B4A-11D0-8D11-00A0C91BC942}") = "Demo", "Demo\Demo.vcxproj", "{78DB86AA-F322-47F5-B87C-71D652F6A2C0}"
EndProject
Project("{8BC9CEB8-8B4A-11D0-8D11-00A0C91BC942}") = "ShowCamera", "ShowCamera\ShowCamera.vcxproj", "{F2793787-6197-4E95-9F9A-C665A3419B6B}"
EndProject
Project("{8BC9CEB8-8B4A-11D0-8D11-00A0C91BC942}") = "FeatureProcess", "FeatureProcess\FeatureProcess.vcxproj", "{C74676D3-3CD2-422B-BA55-1CE67A98155F}"
EndProject
Global
	GlobalSection(SolutionConfigurationPlatforms) = preSolution
		Debug|Win32 = Debug|Win32
		Release|Win32 = Release|Win32
	EndGlobalSection
	GlobalSection(ProjectConfigurationPlatforms) = postSolution
		{BEB9A5FF-4A60-43E9-84DD-0A7B6A12D2C8}.Debug|Win32.ActiveCfg = Debug|Win32
		{BEB9A5FF-4A60-43E9-84DD-0A7B6A12D2C8}.Debug|Win32.Build.0 = Debug|Win32
		{BEB9A5FF-4A60-43E9-84DD-0A7B6A12D2C8}.Release|Win32.ActiveCfg = Release|Win32
		{BEB9A5FF-4A60-43E9-84DD-0A7B6A12D2C8}.Release|Win32.Build.0 = Release|Win32
		{78DB86AA-F322-47F5-B87C-71D652F6A2C0}.Debug|Win32.ActiveCfg = Debug|Win32
		{78DB86AA-F322-47F5-B87C-71D652F6A2C0}.Debug|Win32.Build.0 = Debug|Win32
		{78DB86AA-F322-47F5-B87C-71D652F6A2C0}.Release|Win32.ActiveCfg = Release|Win32
		{78DB86AA-F322-47F5-B87C-71D652F6A2C0}.Release|Win32.Build.0 = Release|Win32
		{F2793787-6197-4E95-9F9A-C665A3419B6B}.Debug|Win32.ActiveCfg = Debug|Win32
		{F2793787-6197-4E95-9F9A-C665A3419B6B}.Debug|Win32.Build.0 = Debug|Win32
		{F2793787-6197-4E95-9F9A-C665A3419B6B}.Release|Win32.ActiveCfg = Release|Win32
		{F2793787-6197-4E95-9F9A-C665A3419B6B}.Release|Win32.Build.0 = Release|Win32
		{C74676D3-3CD2-422B-BA55-1CE67A98155F}.Debug|Win32.ActiveCfg = Debug|Win32
		{C74676D3-3CD2-422B-BA55-1CE67A98155F}.Debug|Win32.Build.0 = Debug|Win32
		{C74676D3-3CD2-422B-BA55-1CE67A98155F}.Release|Win32.ActiveCfg = Release|Win32
		{C74676D3-3CD2-422B-BA55-1CE67A98155F}.Release|Win32.Build.0 = Release|Win32
	EndGlobalSection
	GlobalSection(SolutionProperties) = preSolution
		HideSolutionNode = FALSE
	EndGlobalSection
EndGlobal
